
Microsoft Visual Studio Solution File, Format Version 12.00
# Visual Studio Version 17
VisualStudioVersion = 17.1.32328.378
MinimumVisualStudioVersion = 10.0.40219.1
Project("{FAE04EC0-301F-11D3-BF4B-00C04F79EFBC}") = "StorageManagerUI", "StorageManagerUI\StorageManagerUI.csproj", "{F7A8EE12-7FEC-4DD6-9691-6C6069A4EE96}"
EndProject
Project("{FAE04EC0-301F-11D3-BF4B-00C04F79EFBC}") = "StorageManagerData", "StorageManagerData\StorageManagerData.csproj", "{05472A6F-2CAC-4C3A-AF0D-D46593307A34}"
EndProject
Global
	GlobalSection(SolutionConfigurationPlatforms) = preSolution
		Debug|Any CPU = Debug|Any CPU
		Release|Any CPU = Release|Any CPU
	EndGlobalSection
	GlobalSection(ProjectConfigurationPlatforms) = postSolution
		{F7A8EE12-7FEC-4DD6-9691-6C6069A4EE96}.Debug|Any CPU.ActiveCfg = Debug|Any CPU
		{F7A8EE12-7FEC-4DD6-9691-6C6069A4EE96}.Debug|Any CPU.Build.0 = Debug|Any CPU
		{F7A8EE12-7FEC-4DD6-9691-6C6069A4EE96}.Release|Any CPU.ActiveCfg = Release|Any CPU
		{F7A8EE12-7FEC-4DD6-9691-6C6069A4EE96}.Release|Any CPU.Build.0 = Release|Any CPU
		{05472A6F-2CAC-4C3A-AF0D-D46593307A34}.Debug|Any CPU.ActiveCfg = Debug|Any CPU
		{05472A6F-2CAC-4C3A-AF0D-D46593307A34}.Debug|Any CPU.Build.0 = Debug|Any CPU
		{05472A6F-2CAC-4C3A-AF0D-D46593307A34}.Release|Any CPU.ActiveCfg = Release|Any CPU
		{05472A6F-2CAC-4C3A-AF0D-D46593307A34}.Release|Any CPU.Build.0 = Release|Any CPU
	EndGlobalSection
	GlobalSection(SolutionProperties) = preSolution
		HideSolutionNode = FALSE
	EndGlobalSection
	GlobalSection(ExtensibilityGlobals) = postSolution
		SolutionGuid = {A66677AE-B5E9-4331-83D7-4D656FA678A7}
	EndGlobalSection
EndGlobal
